
Microsoft Visual Studio Solution File, Format Version 12.00
# Visual Studio Version 16
VisualStudioVersion = 16.0.30611.23
MinimumVisualStudioVersion = 10.0.40219.1
Project("{FAE04EC0-301F-11D3-BF4B-00C04F79EFBC}") = "Books", "Books\Books.csproj", "{D572B952-A423-4074-B7FE-274F3CA3F270}"
EndProject
Global
	GlobalSection(SolutionConfigurationPlatforms) = preSolution
		Debug|Any CPU = Debug|Any CPU
		Release|Any CPU = Release|Any CPU
	EndGlobalSection
	GlobalSection(ProjectConfigurationPlatforms) = postSolution
		{D572B952-A423-4074-B7FE-274F3CA3F270}.Debug|Any CPU.ActiveCfg = Debug|Any CPU
		{D572B952-A423-4074-B7FE-274F3CA3F270}.Debug|Any CPU.Build.0 = Debug|Any CPU
		{D572B952-A423-4074-B7FE-274F3CA3F270}.Release|Any CPU.ActiveCfg = Release|Any CPU
		{D572B952-A423-4074-B7FE-274F3CA3F270}.Release|Any CPU.Build.0 = Release|Any CPU
	EndGlobalSection
	GlobalSection(SolutionProperties) = preSolution
		HideSolutionNode = FALSE
	EndGlobalSection
	GlobalSection(ExtensibilityGlobals) = postSolution
		SolutionGuid = {186BC521-13C0-40D7-826C-FEA15BAFF14D}
	EndGlobalSection
EndGlobal
